# This file is @generated by PDM.
# It is not intended for manual editing.

[metadata]
groups = ["default"]
strategy = ["inherit_metadata"]
lock_version = "4.5.0"
content_hash = "sha256:8e7f8b969004bb9d66b4f64db2ca744f6e7320753bcf8174af2862b6ef38f062"

[[metadata.targets]]
requires_python = "==3.13.*"

[[package]]
name = "cebdict"
version = "2.4"
git = "https://github.com/NoodleSushi/Cebuano-Dictionary.git"
revision = "57ee1dde8c56f617ca26de5e6499008d8c857751"
summary = "A Cebuano Dictionary based on Wolff's Dictionary"
groups = ["default"]
marker = "python_version == \"3.13\""

[[package]]
name = "cebstemmer"
version = "1.0"
git = "https://github.com/NoodleSushi/Cebuano-Stemmer.git"
revision = "4469b196ad30c5a17238ce27acd036df0c27f83b"
summary = "A Cebuano Stemmer based on Krovetz Algorithm"
groups = ["default"]
marker = "python_version == \"3.13\""
dependencies = [
    "cebdict @ git+https://github.com/NoodleSushi/Cebuano-Dictionary.git",
]
